
Microsoft Visual Studio Solution File, Format Version 12.00
# Visual Studio Version 17
VisualStudioVersion = 17.2.32630.192
MinimumVisualStudioVersion = 10.0.40219.1
Project("{888888A0-9F3D-457C-B088-3A5042F75D52}") = "Candy_Monster", "Candy_Monster\Candy_Monster.pyproj", "{BDC58F78-0B1C-426D-87FA-A257CFC2DF3E}"
EndProject
Global
	GlobalSection(SolutionConfigurationPlatforms) = preSolution
		Debug|Any CPU = Debug|Any CPU
		Release|Any CPU = Release|Any CPU
	EndGlobalSection
	GlobalSection(ProjectConfigurationPlatforms) = postSolution
		{BDC58F78-0B1C-426D-87FA-A257CFC2DF3E}.Debug|Any CPU.ActiveCfg = Debug|Any CPU
		{BDC58F78-0B1C-426D-87FA-A257CFC2DF3E}.Release|Any CPU.ActiveCfg = Release|Any CPU
	EndGlobalSection
	GlobalSection(SolutionProperties) = preSolution
		HideSolutionNode = FALSE
	EndGlobalSection
	GlobalSection(ExtensibilityGlobals) = postSolution
		SolutionGuid = {4600231D-EAE1-496F-A177-8029FEF374E4}
	EndGlobalSection
EndGlobal
